
Microsoft Visual Studio Solution File, Format Version 12.00
# Visual Studio Version 16
VisualStudioVersion = 16.0.30523.141
MinimumVisualStudioVersion = 10.0.40219.1
Project("{FAE04EC0-301F-11D3-BF4B-00C04F79EFBC}") = "DragonFruit.Common.Data.Html", "DragonFruit.Common.Data.Html\DragonFruit.Common.Data.Html.csproj", "{3CD16B25-1040-43E4-8ADA-D0A4739CE073}"
EndProject
Project("{FAE04EC0-301F-11D3-BF4B-00C04F79EFBC}") = "DragonFruit.Common.Data.Html.Tests", "DragonFruit.Common.Data.Html.Tests\DragonFruit.Common.Data.Html.Tests.csproj", "{4426384C-E212-41CD-9899-03997EE8D829}"
EndProject
Global
	GlobalSection(SolutionConfigurationPlatforms) = preSolution
		Debug|Any CPU = Debug|Any CPU
		Release|Any CPU = Release|Any CPU
	EndGlobalSection
	GlobalSection(ProjectConfigurationPlatforms) = postSolution
		{3CD16B25-1040-43E4-8ADA-D0A4739CE073}.Debug|Any CPU.ActiveCfg = Debug|Any CPU
		{3CD16B25-1040-43E4-8ADA-D0A4739CE073}.Debug|Any CPU.Build.0 = Debug|Any CPU
		{3CD16B25-1040-43E4-8ADA-D0A4739CE073}.Release|Any CPU.ActiveCfg = Release|Any CPU
		{3CD16B25-1040-43E4-8ADA-D0A4739CE073}.Release|Any CPU.Build.0 = Release|Any CPU
		{4426384C-E212-41CD-9899-03997EE8D829}.Debug|Any CPU.ActiveCfg = Debug|Any CPU
		{4426384C-E212-41CD-9899-03997EE8D829}.Debug|Any CPU.Build.0 = Debug|Any CPU
		{4426384C-E212-41CD-9899-03997EE8D829}.Release|Any CPU.ActiveCfg = Release|Any CPU
		{4426384C-E212-41CD-9899-03997EE8D829}.Release|Any CPU.Build.0 = Release|Any CPU
	EndGlobalSection
	GlobalSection(SolutionProperties) = preSolution
		HideSolutionNode = FALSE
	EndGlobalSection
	GlobalSection(ExtensibilityGlobals) = postSolution
		SolutionGuid = {55A3D0C3-E62E-4570-80BC-AA8F64F03313}
	EndGlobalSection
EndGlobal
